<Solution>
  <Project Path="MetadataViewer/MetadataViewer.csproj" Id="5483f34d-0399-4c76-bf51-b3d54c26c472" />
  <Project Path="task07/task09.csproj" Id="6e16d4a6-241d-4747-b4f1-fec85085c892" />
  <Project Path="task07tests/task09tests.csproj" Id="3f1ff212-7ce4-4d52-9f8b-bc08222afd2b" />
</Solution>
